
Microsoft Visual Studio Solution File, Format Version 12.00
# Visual Studio Version 16
VisualStudioVersion = 16.0.29905.134
MinimumVisualStudioVersion = 10.0.40219.1
Project("{FAE04EC0-301F-11D3-BF4B-00C04F79EFBC}") = "ShortUrl.Web", "ShortUrl.Web\ShortUrl.Web.csproj", "{C5A422F7-BCA5-45B8-B7A4-8977C5FEA43D}"
EndProject
Project("{FAE04EC0-301F-11D3-BF4B-00C04F79EFBC}") = "ShortUrl.Core", "ShortUrl.Core\ShortUrl.Core.csproj", "{3EF689B9-B430-4F53-B132-63EE380A8A11}"
EndProject
Project("{FAE04EC0-301F-11D3-BF4B-00C04F79EFBC}") = "ShortUrl.Common", "ShortUrl.Common\ShortUrl.Common.csproj", "{09536200-5F68-4A34-B754-E558CF3E7A08}"
EndProject
Global
	GlobalSection(SolutionConfigurationPlatforms) = preSolution
		Debug|Any CPU = Debug|Any CPU
		Release|Any CPU = Release|Any CPU
	EndGlobalSection
	GlobalSection(ProjectConfigurationPlatforms) = postSolution
		{C5A422F7-BCA5-45B8-B7A4-8977C5FEA43D}.Debug|Any CPU.ActiveCfg = Debug|Any CPU
		{C5A422F7-BCA5-45B8-B7A4-8977C5FEA43D}.Debug|Any CPU.Build.0 = Debug|Any CPU
		{C5A422F7-BCA5-45B8-B7A4-8977C5FEA43D}.Release|Any CPU.ActiveCfg = Release|Any CPU
		{C5A422F7-BCA5-45B8-B7A4-8977C5FEA43D}.Release|Any CPU.Build.0 = Release|Any CPU
		{3EF689B9-B430-4F53-B132-63EE380A8A11}.Debug|Any CPU.ActiveCfg = Debug|Any CPU
		{3EF689B9-B430-4F53-B132-63EE380A8A11}.Debug|Any CPU.Build.0 = Debug|Any CPU
		{3EF689B9-B430-4F53-B132-63EE380A8A11}.Release|Any CPU.ActiveCfg = Release|Any CPU
		{3EF689B9-B430-4F53-B132-63EE380A8A11}.Release|Any CPU.Build.0 = Release|Any CPU
		{09536200-5F68-4A34-B754-E558CF3E7A08}.Debug|Any CPU.ActiveCfg = Debug|Any CPU
		{09536200-5F68-4A34-B754-E558CF3E7A08}.Debug|Any CPU.Build.0 = Debug|Any CPU
		{09536200-5F68-4A34-B754-E558CF3E7A08}.Release|Any CPU.ActiveCfg = Release|Any CPU
		{09536200-5F68-4A34-B754-E558CF3E7A08}.Release|Any CPU.Build.0 = Release|Any CPU
	EndGlobalSection
	GlobalSection(SolutionProperties) = preSolution
		HideSolutionNode = FALSE
	EndGlobalSection
	GlobalSection(ExtensibilityGlobals) = postSolution
		SolutionGuid = {1DAA92C2-A3B9-49D2-8D50-73D84941A1C9}
	EndGlobalSection
EndGlobal
